// !$*UTF8*$!
{
	archiveVersion = 1;
	classes = {
	};
	objectVersion = 50;
	objects = {

/* Begin PBXBuildFile section */
		4B909EC422A61C8300FF24BB /* AppDelegate.swift in Sources */ = {isa = PBXBuildFile; fileRef = 4B909EC322A61C8300FF24BB /* AppDelegate.swift */; };
		4B909EC622A61C8300FF24BB /* SceneDelegate.swift in Sources */ = {isa = PBXBuildFile; fileRef = 4B909EC522A61C8300FF24BB /* SceneDelegate.swift */; };
		4B909EC822A61C8300FF24BB /* ViewController.swift in Sources */ = {isa = PBXBuildFile; fileRef = 4B909EC722A61C8300FF24BB /* ViewController.swift */; };
		4B909ECB22A61C8300FF24BB /* Main.storyboard in Resources */ = {isa = PBXBuildFile; fileRef = 4B909EC922A61C8300FF24BB /* Main.storyboard */; };
		4B909ECD22A61C8400FF24BB /* Assets.xcassets in Resources */ = {isa = PBXBuildFile; fileRef = 4B909ECC22A61C8400FF24BB /* Assets.xcassets */; };
		4B909ED022A61C8400FF24BB /* LaunchScreen.storyboard in Resources */ = {isa = PBXBuildFile; fileRef = 4B909ECE22A61C8400FF24BB /* LaunchScreen.storyboard */; };
/* End PBXBuildFile section */

/* Begin PBXFileReference section */
		4B909EC022A61C8300FF24BB /* Modal13.app */ = {isa = PBXFileReference; explicitFileType = wrapper.application; includeInIndex = 0; path = Modal13.app; sourceTree = BUILT_PRODUCTS_DIR; };
		4B909EC322A61C8300FF24BB /* AppDelegate.swift */ = {isa = PBXFileReference; lastKnownFileType = sourcecode.swift; path = AppDelegate.swift; sourceTree = "<group>"; };
		4B909EC522A61C8300FF24BB /* SceneDelegate.swift */ = {isa = PBXFileReference; lastKnownFileType = sourcecode.swift; path = SceneDelegate.swift; sourceTree = "<group>"; };
		4B909EC722A61C8300FF24BB /* ViewController.swift */ = {isa = PBXFileReference; lastKnownFileType = sourcecode.swift; path = ViewController.swift; sourceTree = "<group>"; };
		4B909ECA22A61C8300FF24BB /* Base */ = {isa = PBXFileReference; lastKnownFileType = file.storyboard; name = Base; path = Base.lproj/Main.storyboard; sourceTree = "<group>"; };
		4B909ECC22A61C8400FF24BB /* Assets.xcassets */ = {isa = PBXFileReference; lastKnownFileType = folder.assetcatalog; path = Assets.xcassets; sourceTree = "<group>"; };
		4B909ECF22A61C8400FF24BB /* Base */ = {isa = PBXFileReference; lastKnownFileType = file.storyboard; name = Base; path = Base.lproj/LaunchScreen.storyboard; sourceTree = "<group>"; };
		4B909ED122A61C8400FF24BB /* Info.plist */ = {isa = PBXFileReference; lastKnownFileType = text.plist.xml; path = Info.plist; sourceTree = "<group>"; };
/* End PBXFileReference section */

/* Begin PBXFrameworksBuildPhase section */
		4B909EBD22A61C8300FF24BB /* Frameworks */ = {
			isa = PBXFrameworksBuildPhase;
			buildActionMask = 2147483647;
			files = (
			);
			runOnlyForDeploymentPostprocessing = 0;
		};
/* End PBXFrameworksBuildPhase section */

/* Begin PBXGroup section */
		4B909EB722A61C8300FF24BB = {
			isa = PBXGroup;
			children = (
				4B909EC222A61C8300FF24BB /* Modal13 */,
				4B909EC122A61C8300FF24BB /* Products */,
			);
			sourceTree = "<group>";
		};
		4B909EC122A61C8300FF24BB /* Products */ = {
			isa = PBXGroup;
			children = (
				4B909EC022A61C8300FF24BB /* Modal13.app */,
			);
			name = Products;
			sourceTree = "<group>";
		};
		4B909EC222A61C8300FF24BB /* Modal13 */ = {
			isa = PBXGroup;
			children = (
				4B909EC322A61C8300FF24BB /* AppDelegate.swift */,
				4B909EC522A61C8300FF24BB /* SceneDelegate.swift */,
				4B909EC722A61C8300FF24BB /* ViewController.swift */,
				4B909EC922A61C8300FF24BB /* Main.storyboard */,
				4B909ECC22A61C8400FF24BB /* Assets.xcassets */,
				4B909ECE22A61C8400FF24BB /* LaunchScreen.storyboard */,
				4B909ED122A61C8400FF24BB /* Info.plist */,
			);
			path = Modal13;
			sourceTree = "<group>";
		};
/* End PBXGroup section */

/* Begin PBXNativeTarget section */
		4B909EBF22A61C8300FF24BB /* Modal13 */ = {
			isa = PBXNativeTarget;
			buildConfigurationList = 4B909ED422A61C8400FF24BB /* Build configuration list for PBXNativeTarget "Modal13" */;
			buildPhases = (
				4B909EBC22A61C8300FF24BB /* Sources */,
				4B909EBD22A61C8300FF24BB /* Frameworks */,
				4B909EBE22A61C8300FF24BB /* Resources */,
			);
			buildRules = (
			);
			dependencies = (
			);
			name = Modal13;
			productName = Modal13;
			productReference = 4B909EC022A61C8300FF24BB /* Modal13.app */;
			productType = "com.apple.product-type.application";
		};
/* End PBXNativeTarget section */

/* Begin PBXProject section */
		4B909EB822A61C8300FF24BB /* Project object */ = {
			isa = PBXProject;
			attributes = {
				LastSwiftUpdateCheck = 1100;
				LastUpgradeCheck = 1100;
				ORGANIZATIONNAME = eure;
				TargetAttributes = {
					4B909EBF22A61C8300FF24BB = {
						CreatedOnToolsVersion = 11.0;
					};
				};
			};
			buildConfigurationList = 4B909EBB22A61C8300FF24BB /* Build configuration list for PBXProject "Modal13" */;
			compatibilityVersion = "Xcode 9.3";
			developmentRegion = en;
			hasScannedForEncodings = 0;
			knownRegions = (
				en,
				Base,
			);
			mainGroup = 4B909EB722A61C8300FF24BB;
			productRefGroup = 4B909EC122A61C8300FF24BB /* Products */;
			projectDirPath = "";
			projectRoot = "";
			targets = (
				4B909EBF22A61C8300FF24BB /* Modal13 */,
			);
		};
/* End PBXProject section */

/* Begin PBXResourcesBuildPhase section */
		4B909EBE22A61C8300FF24BB /* Resources */ = {
			isa = PBXResourcesBuildPhase;
			buildActionMask = 2147483647;
			files = (
				4B909ED022A61C8400FF24BB /* LaunchScreen.storyboard in Resources */,
				4B909ECD22A61C8400FF24BB /* Assets.xcassets in Resources */,
				4B909ECB22A61C8300FF24BB /* Main.storyboard in Resources */,
			);
			runOnlyForDeploymentPostprocessing = 0;
		};
/* End PBXResourcesBuildPhase section */

/* Begin PBXSourcesBuildPhase section */
		4B909EBC22A61C8300FF24BB /* Sources */ = {
			isa = PBXSourcesBuildPhase;
			buildActionMask = 2147483647;
			files = (
				4B909EC822A61C8300FF24BB /* ViewController.swift in Sources */,
				4B909EC422A61C8300FF24BB /* AppDelegate.swift in Sources */,
				4B909EC622A61C8300FF24BB /* SceneDelegate.swift in Sources */,
			);
			runOnlyForDeploymentPostprocessing = 0;
		};
/* End PBXSourcesBuildPhase section */

/* Begin PBXVariantGroup section */
		4B909EC922A61C8300FF24BB /* Main.storyboard */ = {
			isa = PBXVariantGroup;
			children = (
				4B909ECA22A61C8300FF24BB /* Base */,
			);
			name = Main.storyboard;
			sourceTree = "<group>";
		};
		4B909ECE22A61C8400FF24BB /* LaunchScreen.storyboard */ = {
			isa = PBXVariantGroup;
			children = (
				4B909ECF22A61C8400FF24BB /* Base */,
			);
			name = LaunchScreen.storyboard;
			sourceTree = "<group>";
		};
/* End PBXVariantGroup section */

/* Begin XCBuildConfiguration section */
		4B909ED222A61C8400FF24BB /* Debug */ = {
			isa = XCBuildConfiguration;
			buildSettings = {
				ALWAYS_SEARCH_USER_PATHS = NO;
				CLANG_ANALYZER_NONNULL = YES;
				CLANG_ANALYZER_NUMBER_OBJECT_CONVERSION = YES_AGGRESSIVE;
				CLANG_CXX_LANGUAGE_STANDARD = "gnu++14";
				CLANG_CXX_LIBRARY = "libc++";
				CLANG_ENABLE_MODULES = YES;
				CLANG_ENABLE_OBJC_ARC = YES;
				CLANG_ENABLE_OBJC_WEAK = YES;
				CLANG_WARN_BLOCK_CAPTURE_AUTORELEASING = YES;
				CLANG_WARN_BOOL_CONVERSION = YES;
				CLANG_WARN_COMMA = YES;
				CLANG_WARN_CONSTANT_CONVERSION = YES;
				CLANG_WARN_DEPRECATED_OBJC_IMPLEMENTATIONS = YES;
				CLANG_WARN_DIRECT_OBJC_ISA_USAGE = YES_ERROR;
				CLANG_WARN_DOCUMENTATION_COMMENTS = YES;
				CLANG_WARN_EMPTY_BODY = YES;
				CLANG_WARN_ENUM_CONVERSION = YES;
				CLANG_WARN_INFINITE_RECURSION = YES;
				CLANG_WARN_INT_CONVERSION = YES;
				CLANG_WARN_NON_LITERAL_NULL_CONVERSION = YES;
				CLANG_WARN_OBJC_IMPLICIT_RETAIN_SELF = YES;
				CLANG_WARN_OBJC_LITERAL_CONVERSION = YES;
				CLANG_WARN_OBJC_ROOT_CLASS = YES_ERROR;
				CLANG_WARN_RANGE_LOOP_ANALYSIS = YES;
				CLANG_WARN_STRICT_PROTOTYPES = YES;
				CLANG_WARN_SUSPICIOUS_MOVE = YES;
				CLANG_WARN_UNGUARDED_AVAILABILITY = YES_AGGRESSIVE;
				CLANG_WARN_UNREACHABLE_CODE = YES;
				CLANG_WARN__DUPLICATE_METHOD_MATCH = YES;
				COPY_PHASE_STRIP = NO;
				DEBUG_INFORMATION_FORMAT = dwarf;
				ENABLE_STRICT_OBJC_MSGSEND = YES;
				ENABLE_TESTABILITY = YES;
				GCC_C_LANGUAGE_STANDARD = gnu11;
				GCC_DYNAMIC_NO_PIC = NO;
				GCC_NO_COMMON_BLOCKS = YES;
				GCC_OPTIMIZATION_LEVEL = 0;
				GCC_PREPROCESSOR_DEFINITIONS = (
					"DEBUG=1",
					"$(inherited)",
				);
				GCC_WARN_64_TO_32_BIT_CONVERSION = YES;
				GCC_WARN_ABOUT_RETURN_TYPE = YES_ERROR;
				GCC_WARN_UNDECLARED_SELECTOR = YES;
				GCC_WARN_UNINITIALIZED_AUTOS = YES_AGGRESSIVE;
				GCC_WARN_UNUSED_FUNCTION = YES;
				GCC_WARN_UNUSED_VARIABLE = YES;
				IPHONEOS_DEPLOYMENT_TARGET = 13.0;
				MTL_ENABLE_DEBUG_INFO = INCLUDE_SOURCE;
				MTL_FAST_MATH = YES;
				ONLY_ACTIVE_ARCH = YES;
				SDKROOT = iphoneos;
				SWIFT_ACTIVE_COMPILATION_CONDITIONS = DEBUG;
				SWIFT_OPTIMIZATION_LEVEL = "-Onone";
			};
			name = Debug;
		};
		4B909ED322A61C8400FF24BB /* Release */ = {
			isa = XCBuildConfiguration;
			buildSettings = {
				ALWAYS_SEARCH_USER_PATHS = NO;
				CLANG_ANALYZER_NONNULL = YES;
				CLANG_ANALYZER_NUMBER_OBJECT_CONVERSION = YES_AGGRESSIVE;
				CLANG_CXX_LANGUAGE_STANDARD = "gnu++14";
				CLANG_CXX_LIBRARY = "libc++";
				CLANG_ENABLE_MODULES = YES;
				CLANG_ENABLE_OBJC_ARC = YES;
				CLANG_ENABLE_OBJC_WEAK = YES;
				CLANG_WARN_BLOCK_CAPTURE_AUTORELEASING = YES;
				CLANG_WARN_BOOL_CONVERSION = YES;
				CLANG_WARN_COMMA = YES;
				CLANG_WARN_CONSTANT_CONVERSION = YES;
				CLANG_WARN_DEPRECATED_OBJC_IMPLEMENTATIONS = YES;
				CLANG_WARN_DIRECT_OBJC_ISA_USAGE = YES_ERROR;
				CLANG_WARN_DOCUMENTATION_COMMENTS = YES;
				CLANG_WARN_EMPTY_BODY = YES;
				CLANG_WARN_ENUM_CONVERSION = YES;
				CLANG_WARN_INFINITE_RECURSION = YES;
				CLANG_WARN_INT_CONVERSION = YES;
				CLANG_WARN_NON_LITERAL_NULL_CONVERSION = YES;
				CLANG_WARN_OBJC_IMPLICIT_RETAIN_SELF = YES;
				CLANG_WARN_OBJC_LITERAL_CONVERSION = YES;
				CLANG_WARN_OBJC_ROOT_CLASS = YES_ERROR;
				CLANG_WARN_RANGE_LOOP_ANALYSIS = YES;
				CLANG_WARN_STRICT_PROTOTYPES = YES;
				CLANG_WARN_SUSPICIOUS_MOVE = YES;
				CLANG_WARN_UNGUARDED_AVAILABILITY = YES_AGGRESSIVE;
				CLANG_WARN_UNREACHABLE_CODE = YES;
				CLANG_WARN__DUPLICATE_METHOD_MATCH = YES;
				COPY_PHASE_STRIP = NO;
				DEBUG_INFORMATION_FORMAT = "dwarf-with-dsym";
				ENABLE_NS_ASSERTIONS = NO;
				ENABLE_STRICT_OBJC_MSGSEND = YES;
				GCC_C_LANGUAGE_STANDARD = gnu11;
				GCC_NO_COMMON_BLOCKS = YES;
				GCC_WARN_64_TO_32_BIT_CONVERSION = YES;
				GCC_WARN_ABOUT_RETURN_TYPE = YES_ERROR;
				GCC_WARN_UNDECLARED_SELECTOR = YES;
				GCC_WARN_UNINITIALIZED_AUTOS = YES_AGGRESSIVE;
				GCC_WARN_UNUSED_FUNCTION = YES;
				GCC_WARN_UNUSED_VARIABLE = YES;
				IPHONEOS_DEPLOYMENT_TARGET = 13.0;
				MTL_ENABLE_DEBUG_INFO = NO;
				MTL_FAST_MATH = YES;
				SDKROOT = iphoneos;
				SWIFT_COMPILATION_MODE = wholemodule;
				SWIFT_OPTIMIZATION_LEVEL = "-O";
				VALIDATE_PRODUCT = YES;
			};
			name = Release;
		};
		4B909ED522A61C8400FF24BB /* Debug */ = {
			isa = XCBuildConfiguration;
			buildSettings = {
				ASSETCATALOG_COMPILER_APPICON_NAME = AppIcon;
				CODE_SIGN_STYLE = Automatic;
				INFOPLIST_FILE = Modal13/Info.plist;
				IPHONEOS_DEPLOYMENT_TARGET = 12.0;
				LD_RUNPATH_SEARCH_PATHS = (
					"$(inherited)",
					"@executable_path/Frameworks",
				);
				PRODUCT_BUNDLE_IDENTIFIER = jp.eure.pairs.Modal13;
				PRODUCT_NAME = "$(TARGET_NAME)";
				SWIFT_VERSION = 5.0;
				TARGETED_DEVICE_FAMILY = "1,2";
			};
			name = Debug;
		};
		4B909ED622A61C8400FF24BB /* Release */ = {
			isa = XCBuildConfiguration;
			buildSettings = {
				ASSETCATALOG_COMPILER_APPICON_NAME = AppIcon;
				CODE_SIGN_STYLE = Automatic;
				INFOPLIST_FILE = Modal13/Info.plist;
				IPHONEOS_DEPLOYMENT_TARGET = 12.0;
				LD_RUNPATH_SEARCH_PATHS = (
					"$(inherited)",
					"@executable_path/Frameworks",
				);
				PRODUCT_BUNDLE_IDENTIFIER = jp.eure.pairs.Modal13;
				PRODUCT_NAME = "$(TARGET_NAME)";
				SWIFT_VERSION = 5.0;
				TARGETED_DEVICE_FAMILY = "1,2";
			};
			name = Release;
		};
/* End XCBuildConfiguration section */

/* Begin XCConfigurationList section */
		4B909EBB22A61C8300FF24BB /* Build configuration list for PBXProject "Modal13" */ = {
			isa = XCConfigurationList;
			buildConfigurations = (
				4B909ED222A61C8400FF24BB /* Debug */,
				4B909ED322A61C8400FF24BB /* Release */,
			);
			defaultConfigurationIsVisible = 0;
			defaultConfigurationName = Release;
		};
		4B909ED422A61C8400FF24BB /* Build configuration list for PBXNativeTarget "Modal13" */ = {
			isa = XCConfigurationList;
			buildConfigurations = (
				4B909ED522A61C8400FF24BB /* Debug */,
				4B909ED622A61C8400FF24BB /* Release */,
			);
			defaultConfigurationIsVisible = 0;
			defaultConfigurationName = Release;
		};
/* End XCConfigurationList section */
	};
	rootObject = 4B909EB822A61C8300FF24BB /* Project object */;
}
