// !$*UTF8*$!
{
	archiveVersion = 1;
	classes = {
	};
	objectVersion = 50;
	objects = {

/* Begin PBXBuildFile section */
		4BB6775C232D5DA4007DDA1A /* SoManyTypealias.swift in Sources */ = {isa = PBXBuildFile; fileRef = 4BB6775A232D5D4B007DDA1A /* SoManyTypealias.swift */; };
		4BB9E19223184F6100FD9FFE /* AnonymousComponent.swift in Sources */ = {isa = PBXBuildFile; fileRef = 4BB9E19123184F6100FD9FFE /* AnonymousComponent.swift */; };
		4BDDF42C2305617B006C66F7 /* AppDelegate.swift in Sources */ = {isa = PBXBuildFile; fileRef = 4BDDF42B2305617B006C66F7 /* AppDelegate.swift */; };
		4BDDF42E2305617B006C66F7 /* ViewController.swift in Sources */ = {isa = PBXBuildFile; fileRef = 4BDDF42D2305617B006C66F7 /* ViewController.swift */; };
		4BDDF4312305617B006C66F7 /* Main.storyboard in Resources */ = {isa = PBXBuildFile; fileRef = 4BDDF42F2305617B006C66F7 /* Main.storyboard */; };
		4BDDF4332305617D006C66F7 /* Assets.xcassets in Resources */ = {isa = PBXBuildFile; fileRef = 4BDDF4322305617D006C66F7 /* Assets.xcassets */; };
		4BDDF4362305617D006C66F7 /* LaunchScreen.storyboard in Resources */ = {isa = PBXBuildFile; fileRef = 4BDDF4342305617D006C66F7 /* LaunchScreen.storyboard */; };
/* End PBXBuildFile section */

/* Begin PBXFileReference section */
		4B60E8AC230A5BB6007140DB /* HOC.swift */ = {isa = PBXFileReference; lastKnownFileType = sourcecode.swift; path = HOC.swift; sourceTree = "<group>"; };
		4B60E8AE230A5BE1007140DB /* Component.swift */ = {isa = PBXFileReference; lastKnownFileType = sourcecode.swift; path = Component.swift; sourceTree = "<group>"; };
		4B8A206B2314E73700339C16 /* enum.swift */ = {isa = PBXFileReference; lastKnownFileType = sourcecode.swift; path = enum.swift; sourceTree = "<group>"; };
		4B952A782305689800BAD930 /* 7.swift */ = {isa = PBXFileReference; lastKnownFileType = sourcecode.swift; path = 7.swift; sourceTree = "<group>"; };
		4B952A7A23056AAD00BAD930 /* 8.swift */ = {isa = PBXFileReference; lastKnownFileType = sourcecode.swift; path = 8.swift; sourceTree = "<group>"; };
		4BB6775A232D5D4B007DDA1A /* SoManyTypealias.swift */ = {isa = PBXFileReference; lastKnownFileType = sourcecode.swift; path = SoManyTypealias.swift; sourceTree = "<group>"; };
		4BB9E19123184F6100FD9FFE /* AnonymousComponent.swift */ = {isa = PBXFileReference; lastKnownFileType = sourcecode.swift; path = AnonymousComponent.swift; sourceTree = "<group>"; };
		4BDDF4282305617B006C66F7 /* BinarySize.app */ = {isa = PBXFileReference; explicitFileType = wrapper.application; includeInIndex = 0; path = BinarySize.app; sourceTree = BUILT_PRODUCTS_DIR; };
		4BDDF42B2305617B006C66F7 /* AppDelegate.swift */ = {isa = PBXFileReference; lastKnownFileType = sourcecode.swift; path = AppDelegate.swift; sourceTree = "<group>"; };
		4BDDF42D2305617B006C66F7 /* ViewController.swift */ = {isa = PBXFileReference; lastKnownFileType = sourcecode.swift; path = ViewController.swift; sourceTree = "<group>"; };
		4BDDF4302305617B006C66F7 /* Base */ = {isa = PBXFileReference; lastKnownFileType = file.storyboard; name = Base; path = Base.lproj/Main.storyboard; sourceTree = "<group>"; };
		4BDDF4322305617D006C66F7 /* Assets.xcassets */ = {isa = PBXFileReference; lastKnownFileType = folder.assetcatalog; path = Assets.xcassets; sourceTree = "<group>"; };
		4BDDF4352305617D006C66F7 /* Base */ = {isa = PBXFileReference; lastKnownFileType = file.storyboard; name = Base; path = Base.lproj/LaunchScreen.storyboard; sourceTree = "<group>"; };
		4BDDF4372305617D006C66F7 /* Info.plist */ = {isa = PBXFileReference; lastKnownFileType = text.plist.xml; path = Info.plist; sourceTree = "<group>"; };
		4BDDF43D2305618B006C66F7 /* ManyClasses.swift */ = {isa = PBXFileReference; lastKnownFileType = sourcecode.swift; path = ManyClasses.swift; sourceTree = "<group>"; };
		4BDDF440230562DA006C66F7 /* 2.swift */ = {isa = PBXFileReference; lastKnownFileType = sourcecode.swift; path = 2.swift; sourceTree = "<group>"; };
		4BDDF4422305634D006C66F7 /* 3.swift */ = {isa = PBXFileReference; lastKnownFileType = sourcecode.swift; path = 3.swift; sourceTree = "<group>"; };
		4BDDF444230563E7006C66F7 /* 4.swift */ = {isa = PBXFileReference; lastKnownFileType = sourcecode.swift; path = 4.swift; sourceTree = "<group>"; };
		4BDDF4462305648E006C66F7 /* 5.swift */ = {isa = PBXFileReference; lastKnownFileType = sourcecode.swift; path = 5.swift; sourceTree = "<group>"; };
		4BDDF44923056619006C66F7 /* 6.swift */ = {isa = PBXFileReference; lastKnownFileType = sourcecode.swift; path = 6.swift; sourceTree = "<group>"; };
/* End PBXFileReference section */

/* Begin PBXFrameworksBuildPhase section */
		4BDDF4252305617B006C66F7 /* Frameworks */ = {
			isa = PBXFrameworksBuildPhase;
			buildActionMask = 2147483647;
			files = (
			);
			runOnlyForDeploymentPostprocessing = 0;
		};
/* End PBXFrameworksBuildPhase section */

/* Begin PBXGroup section */
		4BDDF41F2305617B006C66F7 = {
			isa = PBXGroup;
			children = (
				4BDDF42A2305617B006C66F7 /* BinarySize */,
				4BDDF4292305617B006C66F7 /* Products */,
			);
			sourceTree = "<group>";
		};
		4BDDF4292305617B006C66F7 /* Products */ = {
			isa = PBXGroup;
			children = (
				4BDDF4282305617B006C66F7 /* BinarySize.app */,
			);
			name = Products;
			sourceTree = "<group>";
		};
		4BDDF42A2305617B006C66F7 /* BinarySize */ = {
			isa = PBXGroup;
			children = (
				4BB9E19123184F6100FD9FFE /* AnonymousComponent.swift */,
				4BDDF42B2305617B006C66F7 /* AppDelegate.swift */,
				4BDDF42D2305617B006C66F7 /* ViewController.swift */,
				4BDDF42F2305617B006C66F7 /* Main.storyboard */,
				4BDDF4322305617D006C66F7 /* Assets.xcassets */,
				4BDDF4342305617D006C66F7 /* LaunchScreen.storyboard */,
				4BDDF4372305617D006C66F7 /* Info.plist */,
				4BDDF43D2305618B006C66F7 /* ManyClasses.swift */,
				4BDDF440230562DA006C66F7 /* 2.swift */,
				4BDDF4422305634D006C66F7 /* 3.swift */,
				4BDDF444230563E7006C66F7 /* 4.swift */,
				4BDDF4462305648E006C66F7 /* 5.swift */,
				4BDDF44923056619006C66F7 /* 6.swift */,
				4B952A782305689800BAD930 /* 7.swift */,
				4B952A7A23056AAD00BAD930 /* 8.swift */,
				4B60E8AC230A5BB6007140DB /* HOC.swift */,
				4B60E8AE230A5BE1007140DB /* Component.swift */,
				4B8A206B2314E73700339C16 /* enum.swift */,
				4BB6775A232D5D4B007DDA1A /* SoManyTypealias.swift */,
			);
			path = BinarySize;
			sourceTree = "<group>";
		};
/* End PBXGroup section */

/* Begin PBXNativeTarget section */
		4BDDF4272305617B006C66F7 /* BinarySize */ = {
			isa = PBXNativeTarget;
			buildConfigurationList = 4BDDF43A2305617D006C66F7 /* Build configuration list for PBXNativeTarget "BinarySize" */;
			buildPhases = (
				4BDDF4242305617B006C66F7 /* Sources */,
				4BDDF4252305617B006C66F7 /* Frameworks */,
				4BDDF4262305617B006C66F7 /* Resources */,
			);
			buildRules = (
			);
			dependencies = (
			);
			name = BinarySize;
			productName = BinarySize;
			productReference = 4BDDF4282305617B006C66F7 /* BinarySize.app */;
			productType = "com.apple.product-type.application";
		};
/* End PBXNativeTarget section */

/* Begin PBXProject section */
		4BDDF4202305617B006C66F7 /* Project object */ = {
			isa = PBXProject;
			attributes = {
				LastSwiftUpdateCheck = 1020;
				LastUpgradeCheck = 1020;
				ORGANIZATIONNAME = muukii;
				TargetAttributes = {
					4BDDF4272305617B006C66F7 = {
						CreatedOnToolsVersion = 10.2.1;
					};
				};
			};
			buildConfigurationList = 4BDDF4232305617B006C66F7 /* Build configuration list for PBXProject "BinarySize" */;
			compatibilityVersion = "Xcode 9.3";
			developmentRegion = en;
			hasScannedForEncodings = 0;
			knownRegions = (
				en,
				Base,
			);
			mainGroup = 4BDDF41F2305617B006C66F7;
			productRefGroup = 4BDDF4292305617B006C66F7 /* Products */;
			projectDirPath = "";
			projectRoot = "";
			targets = (
				4BDDF4272305617B006C66F7 /* BinarySize */,
			);
		};
/* End PBXProject section */

/* Begin PBXResourcesBuildPhase section */
		4BDDF4262305617B006C66F7 /* Resources */ = {
			isa = PBXResourcesBuildPhase;
			buildActionMask = 2147483647;
			files = (
				4BDDF4362305617D006C66F7 /* LaunchScreen.storyboard in Resources */,
				4BDDF4332305617D006C66F7 /* Assets.xcassets in Resources */,
				4BDDF4312305617B006C66F7 /* Main.storyboard in Resources */,
			);
			runOnlyForDeploymentPostprocessing = 0;
		};
/* End PBXResourcesBuildPhase section */

/* Begin PBXSourcesBuildPhase section */
		4BDDF4242305617B006C66F7 /* Sources */ = {
			isa = PBXSourcesBuildPhase;
			buildActionMask = 2147483647;
			files = (
				4BDDF42E2305617B006C66F7 /* ViewController.swift in Sources */,
				4BDDF42C2305617B006C66F7 /* AppDelegate.swift in Sources */,
				4BB9E19223184F6100FD9FFE /* AnonymousComponent.swift in Sources */,
				4BB6775C232D5DA4007DDA1A /* SoManyTypealias.swift in Sources */,
			);
			runOnlyForDeploymentPostprocessing = 0;
		};
/* End PBXSourcesBuildPhase section */

/* Begin PBXVariantGroup section */
		4BDDF42F2305617B006C66F7 /* Main.storyboard */ = {
			isa = PBXVariantGroup;
			children = (
				4BDDF4302305617B006C66F7 /* Base */,
			);
			name = Main.storyboard;
			sourceTree = "<group>";
		};
		4BDDF4342305617D006C66F7 /* LaunchScreen.storyboard */ = {
			isa = PBXVariantGroup;
			children = (
				4BDDF4352305617D006C66F7 /* Base */,
			);
			name = LaunchScreen.storyboard;
			sourceTree = "<group>";
		};
/* End PBXVariantGroup section */

/* Begin XCBuildConfiguration section */
		4BDDF4382305617D006C66F7 /* Debug */ = {
			isa = XCBuildConfiguration;
			buildSettings = {
				ALWAYS_SEARCH_USER_PATHS = NO;
				CLANG_ANALYZER_NONNULL = YES;
				CLANG_ANALYZER_NUMBER_OBJECT_CONVERSION = YES_AGGRESSIVE;
				CLANG_CXX_LANGUAGE_STANDARD = "gnu++14";
				CLANG_CXX_LIBRARY = "libc++";
				CLANG_ENABLE_MODULES = YES;
				CLANG_ENABLE_OBJC_ARC = YES;
				CLANG_ENABLE_OBJC_WEAK = YES;
				CLANG_WARN_BLOCK_CAPTURE_AUTORELEASING = YES;
				CLANG_WARN_BOOL_CONVERSION = YES;
				CLANG_WARN_COMMA = YES;
				CLANG_WARN_CONSTANT_CONVERSION = YES;
				CLANG_WARN_DEPRECATED_OBJC_IMPLEMENTATIONS = YES;
				CLANG_WARN_DIRECT_OBJC_ISA_USAGE = YES_ERROR;
				CLANG_WARN_DOCUMENTATION_COMMENTS = YES;
				CLANG_WARN_EMPTY_BODY = YES;
				CLANG_WARN_ENUM_CONVERSION = YES;
				CLANG_WARN_INFINITE_RECURSION = YES;
				CLANG_WARN_INT_CONVERSION = YES;
				CLANG_WARN_NON_LITERAL_NULL_CONVERSION = YES;
				CLANG_WARN_OBJC_IMPLICIT_RETAIN_SELF = YES;
				CLANG_WARN_OBJC_LITERAL_CONVERSION = YES;
				CLANG_WARN_OBJC_ROOT_CLASS = YES_ERROR;
				CLANG_WARN_RANGE_LOOP_ANALYSIS = YES;
				CLANG_WARN_STRICT_PROTOTYPES = YES;
				CLANG_WARN_SUSPICIOUS_MOVE = YES;
				CLANG_WARN_UNGUARDED_AVAILABILITY = YES_AGGRESSIVE;
				CLANG_WARN_UNREACHABLE_CODE = YES;
				CLANG_WARN__DUPLICATE_METHOD_MATCH = YES;
				CODE_SIGN_IDENTITY = "iPhone Developer";
				COPY_PHASE_STRIP = NO;
				DEBUG_INFORMATION_FORMAT = dwarf;
				ENABLE_STRICT_OBJC_MSGSEND = YES;
				ENABLE_TESTABILITY = YES;
				GCC_C_LANGUAGE_STANDARD = gnu11;
				GCC_DYNAMIC_NO_PIC = NO;
				GCC_NO_COMMON_BLOCKS = YES;
				GCC_OPTIMIZATION_LEVEL = 0;
				GCC_PREPROCESSOR_DEFINITIONS = (
					"DEBUG=1",
					"$(inherited)",
				);
				GCC_WARN_64_TO_32_BIT_CONVERSION = YES;
				GCC_WARN_ABOUT_RETURN_TYPE = YES_ERROR;
				GCC_WARN_UNDECLARED_SELECTOR = YES;
				GCC_WARN_UNINITIALIZED_AUTOS = YES_AGGRESSIVE;
				GCC_WARN_UNUSED_FUNCTION = YES;
				GCC_WARN_UNUSED_VARIABLE = YES;
				IPHONEOS_DEPLOYMENT_TARGET = 12.2;
				MTL_ENABLE_DEBUG_INFO = INCLUDE_SOURCE;
				MTL_FAST_MATH = YES;
				ONLY_ACTIVE_ARCH = YES;
				SDKROOT = iphoneos;
				SWIFT_ACTIVE_COMPILATION_CONDITIONS = DEBUG;
				SWIFT_OPTIMIZATION_LEVEL = "-Onone";
			};
			name = Debug;
		};
		4BDDF4392305617D006C66F7 /* Release */ = {
			isa = XCBuildConfiguration;
			buildSettings = {
				ALWAYS_SEARCH_USER_PATHS = NO;
				CLANG_ANALYZER_NONNULL = YES;
				CLANG_ANALYZER_NUMBER_OBJECT_CONVERSION = YES_AGGRESSIVE;
				CLANG_CXX_LANGUAGE_STANDARD = "gnu++14";
				CLANG_CXX_LIBRARY = "libc++";
				CLANG_ENABLE_MODULES = YES;
				CLANG_ENABLE_OBJC_ARC = YES;
				CLANG_ENABLE_OBJC_WEAK = YES;
				CLANG_WARN_BLOCK_CAPTURE_AUTORELEASING = YES;
				CLANG_WARN_BOOL_CONVERSION = YES;
				CLANG_WARN_COMMA = YES;
				CLANG_WARN_CONSTANT_CONVERSION = YES;
				CLANG_WARN_DEPRECATED_OBJC_IMPLEMENTATIONS = YES;
				CLANG_WARN_DIRECT_OBJC_ISA_USAGE = YES_ERROR;
				CLANG_WARN_DOCUMENTATION_COMMENTS = YES;
				CLANG_WARN_EMPTY_BODY = YES;
				CLANG_WARN_ENUM_CONVERSION = YES;
				CLANG_WARN_INFINITE_RECURSION = YES;
				CLANG_WARN_INT_CONVERSION = YES;
				CLANG_WARN_NON_LITERAL_NULL_CONVERSION = YES;
				CLANG_WARN_OBJC_IMPLICIT_RETAIN_SELF = YES;
				CLANG_WARN_OBJC_LITERAL_CONVERSION = YES;
				CLANG_WARN_OBJC_ROOT_CLASS = YES_ERROR;
				CLANG_WARN_RANGE_LOOP_ANALYSIS = YES;
				CLANG_WARN_STRICT_PROTOTYPES = YES;
				CLANG_WARN_SUSPICIOUS_MOVE = YES;
				CLANG_WARN_UNGUARDED_AVAILABILITY = YES_AGGRESSIVE;
				CLANG_WARN_UNREACHABLE_CODE = YES;
				CLANG_WARN__DUPLICATE_METHOD_MATCH = YES;
				CODE_SIGN_IDENTITY = "iPhone Developer";
				COPY_PHASE_STRIP = NO;
				DEBUG_INFORMATION_FORMAT = "dwarf-with-dsym";
				ENABLE_NS_ASSERTIONS = NO;
				ENABLE_STRICT_OBJC_MSGSEND = YES;
				GCC_C_LANGUAGE_STANDARD = gnu11;
				GCC_NO_COMMON_BLOCKS = YES;
				GCC_WARN_64_TO_32_BIT_CONVERSION = YES;
				GCC_WARN_ABOUT_RETURN_TYPE = YES_ERROR;
				GCC_WARN_UNDECLARED_SELECTOR = YES;
				GCC_WARN_UNINITIALIZED_AUTOS = YES_AGGRESSIVE;
				GCC_WARN_UNUSED_FUNCTION = YES;
				GCC_WARN_UNUSED_VARIABLE = YES;
				IPHONEOS_DEPLOYMENT_TARGET = 12.2;
				MTL_ENABLE_DEBUG_INFO = NO;
				MTL_FAST_MATH = YES;
				SDKROOT = iphoneos;
				SWIFT_COMPILATION_MODE = wholemodule;
				SWIFT_OPTIMIZATION_LEVEL = "-O";
				VALIDATE_PRODUCT = YES;
			};
			name = Release;
		};
		4BDDF43B2305617D006C66F7 /* Debug */ = {
			isa = XCBuildConfiguration;
			buildSettings = {
				ASSETCATALOG_COMPILER_APPICON_NAME = AppIcon;
				CODE_SIGN_STYLE = Automatic;
				DEVELOPMENT_TEAM = JX92XL88RZ;
				INFOPLIST_FILE = BinarySize/Info.plist;
				LD_RUNPATH_SEARCH_PATHS = (
					"$(inherited)",
					"@executable_path/Frameworks",
				);
				PRODUCT_BUNDLE_IDENTIFIER = me.muukii.BinarySize;
				PRODUCT_NAME = "$(TARGET_NAME)";
				SWIFT_OPTIMIZATION_LEVEL = "-O";
				SWIFT_VERSION = 5.0;
				TARGETED_DEVICE_FAMILY = "1,2";
			};
			name = Debug;
		};
		4BDDF43C2305617D006C66F7 /* Release */ = {
			isa = XCBuildConfiguration;
			buildSettings = {
				ASSETCATALOG_COMPILER_APPICON_NAME = AppIcon;
				CODE_SIGN_STYLE = Automatic;
				DEVELOPMENT_TEAM = JX92XL88RZ;
				INFOPLIST_FILE = BinarySize/Info.plist;
				LD_RUNPATH_SEARCH_PATHS = (
					"$(inherited)",
					"@executable_path/Frameworks",
				);
				PRODUCT_BUNDLE_IDENTIFIER = me.muukii.BinarySize;
				PRODUCT_NAME = "$(TARGET_NAME)";
				SWIFT_OPTIMIZATION_LEVEL = "-O";
				SWIFT_VERSION = 5.0;
				TARGETED_DEVICE_FAMILY = "1,2";
			};
			name = Release;
		};
/* End XCBuildConfiguration section */

/* Begin XCConfigurationList section */
		4BDDF4232305617B006C66F7 /* Build configuration list for PBXProject "BinarySize" */ = {
			isa = XCConfigurationList;
			buildConfigurations = (
				4BDDF4382305617D006C66F7 /* Debug */,
				4BDDF4392305617D006C66F7 /* Release */,
			);
			defaultConfigurationIsVisible = 0;
			defaultConfigurationName = Release;
		};
		4BDDF43A2305617D006C66F7 /* Build configuration list for PBXNativeTarget "BinarySize" */ = {
			isa = XCConfigurationList;
			buildConfigurations = (
				4BDDF43B2305617D006C66F7 /* Debug */,
				4BDDF43C2305617D006C66F7 /* Release */,
			);
			defaultConfigurationIsVisible = 0;
			defaultConfigurationName = Release;
		};
/* End XCConfigurationList section */
	};
	rootObject = 4BDDF4202305617B006C66F7 /* Project object */;
}
