// !$*UTF8*$!
{
	archiveVersion = 1;
	classes = {
	};
	objectVersion = 48;
	objects = {

/* Begin PBXBuildFile section */
		4B654DEC1FFB33F600D37D7F /* AppDelegate.swift in Sources */ = {isa = PBXBuildFile; fileRef = 4B654DEB1FFB33F600D37D7F /* AppDelegate.swift */; };
		4B654DEE1FFB33F600D37D7F /* ViewController.swift in Sources */ = {isa = PBXBuildFile; fileRef = 4B654DED1FFB33F600D37D7F /* ViewController.swift */; };
		4B654DF11FFB33F600D37D7F /* Main.storyboard in Resources */ = {isa = PBXBuildFile; fileRef = 4B654DEF1FFB33F600D37D7F /* Main.storyboard */; };
		4B654DF31FFB33F600D37D7F /* Assets.xcassets in Resources */ = {isa = PBXBuildFile; fileRef = 4B654DF21FFB33F600D37D7F /* Assets.xcassets */; };
		4B654DF61FFB33F600D37D7F /* LaunchScreen.storyboard in Resources */ = {isa = PBXBuildFile; fileRef = 4B654DF41FFB33F600D37D7F /* LaunchScreen.storyboard */; };
		C7AF5D7007B85D780F446822 /* Pods_ReactiveCocoaPlayground.framework in Frameworks */ = {isa = PBXBuildFile; fileRef = E821074A09240D1D02349AA2 /* Pods_ReactiveCocoaPlayground.framework */; };
/* End PBXBuildFile section */

/* Begin PBXFileReference section */
		4B654DE81FFB33F600D37D7F /* ReactiveCocoaPlayground.app */ = {isa = PBXFileReference; explicitFileType = wrapper.application; includeInIndex = 0; path = ReactiveCocoaPlayground.app; sourceTree = BUILT_PRODUCTS_DIR; };
		4B654DEB1FFB33F600D37D7F /* AppDelegate.swift */ = {isa = PBXFileReference; lastKnownFileType = sourcecode.swift; path = AppDelegate.swift; sourceTree = "<group>"; };
		4B654DED1FFB33F600D37D7F /* ViewController.swift */ = {isa = PBXFileReference; lastKnownFileType = sourcecode.swift; path = ViewController.swift; sourceTree = "<group>"; };
		4B654DF01FFB33F600D37D7F /* Base */ = {isa = PBXFileReference; lastKnownFileType = file.storyboard; name = Base; path = Base.lproj/Main.storyboard; sourceTree = "<group>"; };
		4B654DF21FFB33F600D37D7F /* Assets.xcassets */ = {isa = PBXFileReference; lastKnownFileType = folder.assetcatalog; path = Assets.xcassets; sourceTree = "<group>"; };
		4B654DF51FFB33F600D37D7F /* Base */ = {isa = PBXFileReference; lastKnownFileType = file.storyboard; name = Base; path = Base.lproj/LaunchScreen.storyboard; sourceTree = "<group>"; };
		4B654DF71FFB33F600D37D7F /* Info.plist */ = {isa = PBXFileReference; lastKnownFileType = text.plist.xml; path = Info.plist; sourceTree = "<group>"; };
		9A9005FFB7951A8B5FB87A8C /* Pods-ReactiveCocoaPlayground.release.xcconfig */ = {isa = PBXFileReference; includeInIndex = 1; lastKnownFileType = text.xcconfig; name = "Pods-ReactiveCocoaPlayground.release.xcconfig"; path = "Pods/Target Support Files/Pods-ReactiveCocoaPlayground/Pods-ReactiveCocoaPlayground.release.xcconfig"; sourceTree = "<group>"; };
		AC019553656D3562E5984347 /* Pods-ReactiveCocoaPlayground.debug.xcconfig */ = {isa = PBXFileReference; includeInIndex = 1; lastKnownFileType = text.xcconfig; name = "Pods-ReactiveCocoaPlayground.debug.xcconfig"; path = "Pods/Target Support Files/Pods-ReactiveCocoaPlayground/Pods-ReactiveCocoaPlayground.debug.xcconfig"; sourceTree = "<group>"; };
		E821074A09240D1D02349AA2 /* Pods_ReactiveCocoaPlayground.framework */ = {isa = PBXFileReference; explicitFileType = wrapper.framework; includeInIndex = 0; path = Pods_ReactiveCocoaPlayground.framework; sourceTree = BUILT_PRODUCTS_DIR; };
/* End PBXFileReference section */

/* Begin PBXFrameworksBuildPhase section */
		4B654DE51FFB33F600D37D7F /* Frameworks */ = {
			isa = PBXFrameworksBuildPhase;
			buildActionMask = 2147483647;
			files = (
				C7AF5D7007B85D780F446822 /* Pods_ReactiveCocoaPlayground.framework in Frameworks */,
			);
			runOnlyForDeploymentPostprocessing = 0;
		};
/* End PBXFrameworksBuildPhase section */

/* Begin PBXGroup section */
		4B654DDF1FFB33F600D37D7F = {
			isa = PBXGroup;
			children = (
				4B654DEA1FFB33F600D37D7F /* ReactiveCocoaPlayground */,
				4B654DE91FFB33F600D37D7F /* Products */,
				9AAD2B74E99A1CB2A0AABF51 /* Pods */,
				DD50753D0E9E6280617B7D15 /* Frameworks */,
			);
			sourceTree = "<group>";
		};
		4B654DE91FFB33F600D37D7F /* Products */ = {
			isa = PBXGroup;
			children = (
				4B654DE81FFB33F600D37D7F /* ReactiveCocoaPlayground.app */,
			);
			name = Products;
			sourceTree = "<group>";
		};
		4B654DEA1FFB33F600D37D7F /* ReactiveCocoaPlayground */ = {
			isa = PBXGroup;
			children = (
				4B654DEB1FFB33F600D37D7F /* AppDelegate.swift */,
				4B654DED1FFB33F600D37D7F /* ViewController.swift */,
				4B654DEF1FFB33F600D37D7F /* Main.storyboard */,
				4B654DF21FFB33F600D37D7F /* Assets.xcassets */,
				4B654DF41FFB33F600D37D7F /* LaunchScreen.storyboard */,
				4B654DF71FFB33F600D37D7F /* Info.plist */,
			);
			path = ReactiveCocoaPlayground;
			sourceTree = "<group>";
		};
		9AAD2B74E99A1CB2A0AABF51 /* Pods */ = {
			isa = PBXGroup;
			children = (
				AC019553656D3562E5984347 /* Pods-ReactiveCocoaPlayground.debug.xcconfig */,
				9A9005FFB7951A8B5FB87A8C /* Pods-ReactiveCocoaPlayground.release.xcconfig */,
			);
			name = Pods;
			sourceTree = "<group>";
		};
		DD50753D0E9E6280617B7D15 /* Frameworks */ = {
			isa = PBXGroup;
			children = (
				E821074A09240D1D02349AA2 /* Pods_ReactiveCocoaPlayground.framework */,
			);
			name = Frameworks;
			sourceTree = "<group>";
		};
/* End PBXGroup section */

/* Begin PBXNativeTarget section */
		4B654DE71FFB33F600D37D7F /* ReactiveCocoaPlayground */ = {
			isa = PBXNativeTarget;
			buildConfigurationList = 4B654DFA1FFB33F600D37D7F /* Build configuration list for PBXNativeTarget "ReactiveCocoaPlayground" */;
			buildPhases = (
				1EA32A253162F91DD6C67887 /* [CP] Check Pods Manifest.lock */,
				4B654DE41FFB33F600D37D7F /* Sources */,
				4B654DE51FFB33F600D37D7F /* Frameworks */,
				4B654DE61FFB33F600D37D7F /* Resources */,
				F3F930DCF2A12FBBB245B385 /* [CP] Embed Pods Frameworks */,
				69A7636044F821C4DEDFC55E /* [CP] Copy Pods Resources */,
			);
			buildRules = (
			);
			dependencies = (
			);
			name = ReactiveCocoaPlayground;
			productName = ReactiveCocoaPlayground;
			productReference = 4B654DE81FFB33F600D37D7F /* ReactiveCocoaPlayground.app */;
			productType = "com.apple.product-type.application";
		};
/* End PBXNativeTarget section */

/* Begin PBXProject section */
		4B654DE01FFB33F600D37D7F /* Project object */ = {
			isa = PBXProject;
			attributes = {
				LastSwiftUpdateCheck = 0920;
				LastUpgradeCheck = 0920;
				ORGANIZATIONNAME = muukii;
				TargetAttributes = {
					4B654DE71FFB33F600D37D7F = {
						CreatedOnToolsVersion = 9.2;
						ProvisioningStyle = Automatic;
					};
				};
			};
			buildConfigurationList = 4B654DE31FFB33F600D37D7F /* Build configuration list for PBXProject "ReactiveCocoaPlayground" */;
			compatibilityVersion = "Xcode 8.0";
			developmentRegion = en;
			hasScannedForEncodings = 0;
			knownRegions = (
				en,
				Base,
			);
			mainGroup = 4B654DDF1FFB33F600D37D7F;
			productRefGroup = 4B654DE91FFB33F600D37D7F /* Products */;
			projectDirPath = "";
			projectRoot = "";
			targets = (
				4B654DE71FFB33F600D37D7F /* ReactiveCocoaPlayground */,
			);
		};
/* End PBXProject section */

/* Begin PBXResourcesBuildPhase section */
		4B654DE61FFB33F600D37D7F /* Resources */ = {
			isa = PBXResourcesBuildPhase;
			buildActionMask = 2147483647;
			files = (
				4B654DF61FFB33F600D37D7F /* LaunchScreen.storyboard in Resources */,
				4B654DF31FFB33F600D37D7F /* Assets.xcassets in Resources */,
				4B654DF11FFB33F600D37D7F /* Main.storyboard in Resources */,
			);
			runOnlyForDeploymentPostprocessing = 0;
		};
/* End PBXResourcesBuildPhase section */

/* Begin PBXShellScriptBuildPhase section */
		1EA32A253162F91DD6C67887 /* [CP] Check Pods Manifest.lock */ = {
			isa = PBXShellScriptBuildPhase;
			buildActionMask = 2147483647;
			files = (
			);
			inputPaths = (
				"${PODS_PODFILE_DIR_PATH}/Podfile.lock",
				"${PODS_ROOT}/Manifest.lock",
			);
			name = "[CP] Check Pods Manifest.lock";
			outputPaths = (
				"$(DERIVED_FILE_DIR)/Pods-ReactiveCocoaPlayground-checkManifestLockResult.txt",
			);
			runOnlyForDeploymentPostprocessing = 0;
			shellPath = /bin/sh;
			shellScript = "diff \"${PODS_PODFILE_DIR_PATH}/Podfile.lock\" \"${PODS_ROOT}/Manifest.lock\" > /dev/null\nif [ $? != 0 ] ; then\n    # print error to STDERR\n    echo \"error: The sandbox is not in sync with the Podfile.lock. Run 'pod install' or update your CocoaPods installation.\" >&2\n    exit 1\nfi\n# This output is used by Xcode 'outputs' to avoid re-running this script phase.\necho \"SUCCESS\" > \"${SCRIPT_OUTPUT_FILE_0}\"\n";
			showEnvVarsInLog = 0;
		};
		69A7636044F821C4DEDFC55E /* [CP] Copy Pods Resources */ = {
			isa = PBXShellScriptBuildPhase;
			buildActionMask = 2147483647;
			files = (
			);
			inputPaths = (
			);
			name = "[CP] Copy Pods Resources";
			outputPaths = (
			);
			runOnlyForDeploymentPostprocessing = 0;
			shellPath = /bin/sh;
			shellScript = "\"${SRCROOT}/Pods/Target Support Files/Pods-ReactiveCocoaPlayground/Pods-ReactiveCocoaPlayground-resources.sh\"\n";
			showEnvVarsInLog = 0;
		};
		F3F930DCF2A12FBBB245B385 /* [CP] Embed Pods Frameworks */ = {
			isa = PBXShellScriptBuildPhase;
			buildActionMask = 2147483647;
			files = (
			);
			inputPaths = (
				"${SRCROOT}/Pods/Target Support Files/Pods-ReactiveCocoaPlayground/Pods-ReactiveCocoaPlayground-frameworks.sh",
				"${BUILT_PRODUCTS_DIR}/ReactiveCocoa/ReactiveCocoa.framework",
				"${BUILT_PRODUCTS_DIR}/ReactiveSwift/ReactiveSwift.framework",
				"${BUILT_PRODUCTS_DIR}/Result/Result.framework",
			);
			name = "[CP] Embed Pods Frameworks";
			outputPaths = (
				"${TARGET_BUILD_DIR}/${FRAMEWORKS_FOLDER_PATH}/ReactiveCocoa.framework",
				"${TARGET_BUILD_DIR}/${FRAMEWORKS_FOLDER_PATH}/ReactiveSwift.framework",
				"${TARGET_BUILD_DIR}/${FRAMEWORKS_FOLDER_PATH}/Result.framework",
			);
			runOnlyForDeploymentPostprocessing = 0;
			shellPath = /bin/sh;
			shellScript = "\"${SRCROOT}/Pods/Target Support Files/Pods-ReactiveCocoaPlayground/Pods-ReactiveCocoaPlayground-frameworks.sh\"\n";
			showEnvVarsInLog = 0;
		};
/* End PBXShellScriptBuildPhase section */

/* Begin PBXSourcesBuildPhase section */
		4B654DE41FFB33F600D37D7F /* Sources */ = {
			isa = PBXSourcesBuildPhase;
			buildActionMask = 2147483647;
			files = (
				4B654DEE1FFB33F600D37D7F /* ViewController.swift in Sources */,
				4B654DEC1FFB33F600D37D7F /* AppDelegate.swift in Sources */,
			);
			runOnlyForDeploymentPostprocessing = 0;
		};
/* End PBXSourcesBuildPhase section */

/* Begin PBXVariantGroup section */
		4B654DEF1FFB33F600D37D7F /* Main.storyboard */ = {
			isa = PBXVariantGroup;
			children = (
				4B654DF01FFB33F600D37D7F /* Base */,
			);
			name = Main.storyboard;
			sourceTree = "<group>";
		};
		4B654DF41FFB33F600D37D7F /* LaunchScreen.storyboard */ = {
			isa = PBXVariantGroup;
			children = (
				4B654DF51FFB33F600D37D7F /* Base */,
			);
			name = LaunchScreen.storyboard;
			sourceTree = "<group>";
		};
/* End PBXVariantGroup section */

/* Begin XCBuildConfiguration section */
		4B654DF81FFB33F600D37D7F /* Debug */ = {
			isa = XCBuildConfiguration;
			buildSettings = {
				ALWAYS_SEARCH_USER_PATHS = NO;
				CLANG_ANALYZER_NONNULL = YES;
				CLANG_ANALYZER_NUMBER_OBJECT_CONVERSION = YES_AGGRESSIVE;
				CLANG_CXX_LANGUAGE_STANDARD = "gnu++14";
				CLANG_CXX_LIBRARY = "libc++";
				CLANG_ENABLE_MODULES = YES;
				CLANG_ENABLE_OBJC_ARC = YES;
				CLANG_WARN_BLOCK_CAPTURE_AUTORELEASING = YES;
				CLANG_WARN_BOOL_CONVERSION = YES;
				CLANG_WARN_COMMA = YES;
				CLANG_WARN_CONSTANT_CONVERSION = YES;
				CLANG_WARN_DIRECT_OBJC_ISA_USAGE = YES_ERROR;
				CLANG_WARN_DOCUMENTATION_COMMENTS = YES;
				CLANG_WARN_EMPTY_BODY = YES;
				CLANG_WARN_ENUM_CONVERSION = YES;
				CLANG_WARN_INFINITE_RECURSION = YES;
				CLANG_WARN_INT_CONVERSION = YES;
				CLANG_WARN_NON_LITERAL_NULL_CONVERSION = YES;
				CLANG_WARN_OBJC_LITERAL_CONVERSION = YES;
				CLANG_WARN_OBJC_ROOT_CLASS = YES_ERROR;
				CLANG_WARN_RANGE_LOOP_ANALYSIS = YES;
				CLANG_WARN_STRICT_PROTOTYPES = YES;
				CLANG_WARN_SUSPICIOUS_MOVE = YES;
				CLANG_WARN_UNGUARDED_AVAILABILITY = YES_AGGRESSIVE;
				CLANG_WARN_UNREACHABLE_CODE = YES;
				CLANG_WARN__DUPLICATE_METHOD_MATCH = YES;
				CODE_SIGN_IDENTITY = "iPhone Developer";
				COPY_PHASE_STRIP = NO;
				DEBUG_INFORMATION_FORMAT = dwarf;
				ENABLE_STRICT_OBJC_MSGSEND = YES;
				ENABLE_TESTABILITY = YES;
				GCC_C_LANGUAGE_STANDARD = gnu11;
				GCC_DYNAMIC_NO_PIC = NO;
				GCC_NO_COMMON_BLOCKS = YES;
				GCC_OPTIMIZATION_LEVEL = 0;
				GCC_PREPROCESSOR_DEFINITIONS = (
					"DEBUG=1",
					"$(inherited)",
				);
				GCC_WARN_64_TO_32_BIT_CONVERSION = YES;
				GCC_WARN_ABOUT_RETURN_TYPE = YES_ERROR;
				GCC_WARN_UNDECLARED_SELECTOR = YES;
				GCC_WARN_UNINITIALIZED_AUTOS = YES_AGGRESSIVE;
				GCC_WARN_UNUSED_FUNCTION = YES;
				GCC_WARN_UNUSED_VARIABLE = YES;
				IPHONEOS_DEPLOYMENT_TARGET = 11.2;
				MTL_ENABLE_DEBUG_INFO = YES;
				ONLY_ACTIVE_ARCH = YES;
				SDKROOT = iphoneos;
				SWIFT_ACTIVE_COMPILATION_CONDITIONS = DEBUG;
				SWIFT_OPTIMIZATION_LEVEL = "-Onone";
			};
			name = Debug;
		};
		4B654DF91FFB33F600D37D7F /* Release */ = {
			isa = XCBuildConfiguration;
			buildSettings = {
				ALWAYS_SEARCH_USER_PATHS = NO;
				CLANG_ANALYZER_NONNULL = YES;
				CLANG_ANALYZER_NUMBER_OBJECT_CONVERSION = YES_AGGRESSIVE;
				CLANG_CXX_LANGUAGE_STANDARD = "gnu++14";
				CLANG_CXX_LIBRARY = "libc++";
				CLANG_ENABLE_MODULES = YES;
				CLANG_ENABLE_OBJC_ARC = YES;
				CLANG_WARN_BLOCK_CAPTURE_AUTORELEASING = YES;
				CLANG_WARN_BOOL_CONVERSION = YES;
				CLANG_WARN_COMMA = YES;
				CLANG_WARN_CONSTANT_CONVERSION = YES;
				CLANG_WARN_DIRECT_OBJC_ISA_USAGE = YES_ERROR;
				CLANG_WARN_DOCUMENTATION_COMMENTS = YES;
				CLANG_WARN_EMPTY_BODY = YES;
				CLANG_WARN_ENUM_CONVERSION = YES;
				CLANG_WARN_INFINITE_RECURSION = YES;
				CLANG_WARN_INT_CONVERSION = YES;
				CLANG_WARN_NON_LITERAL_NULL_CONVERSION = YES;
				CLANG_WARN_OBJC_LITERAL_CONVERSION = YES;
				CLANG_WARN_OBJC_ROOT_CLASS = YES_ERROR;
				CLANG_WARN_RANGE_LOOP_ANALYSIS = YES;
				CLANG_WARN_STRICT_PROTOTYPES = YES;
				CLANG_WARN_SUSPICIOUS_MOVE = YES;
				CLANG_WARN_UNGUARDED_AVAILABILITY = YES_AGGRESSIVE;
				CLANG_WARN_UNREACHABLE_CODE = YES;
				CLANG_WARN__DUPLICATE_METHOD_MATCH = YES;
				CODE_SIGN_IDENTITY = "iPhone Developer";
				COPY_PHASE_STRIP = NO;
				DEBUG_INFORMATION_FORMAT = "dwarf-with-dsym";
				ENABLE_NS_ASSERTIONS = NO;
				ENABLE_STRICT_OBJC_MSGSEND = YES;
				GCC_C_LANGUAGE_STANDARD = gnu11;
				GCC_NO_COMMON_BLOCKS = YES;
				GCC_WARN_64_TO_32_BIT_CONVERSION = YES;
				GCC_WARN_ABOUT_RETURN_TYPE = YES_ERROR;
				GCC_WARN_UNDECLARED_SELECTOR = YES;
				GCC_WARN_UNINITIALIZED_AUTOS = YES_AGGRESSIVE;
				GCC_WARN_UNUSED_FUNCTION = YES;
				GCC_WARN_UNUSED_VARIABLE = YES;
				IPHONEOS_DEPLOYMENT_TARGET = 11.2;
				MTL_ENABLE_DEBUG_INFO = NO;
				SDKROOT = iphoneos;
				SWIFT_OPTIMIZATION_LEVEL = "-Owholemodule";
				VALIDATE_PRODUCT = YES;
			};
			name = Release;
		};
		4B654DFB1FFB33F600D37D7F /* Debug */ = {
			isa = XCBuildConfiguration;
			baseConfigurationReference = AC019553656D3562E5984347 /* Pods-ReactiveCocoaPlayground.debug.xcconfig */;
			buildSettings = {
				ASSETCATALOG_COMPILER_APPICON_NAME = AppIcon;
				CODE_SIGN_STYLE = Automatic;
				INFOPLIST_FILE = ReactiveCocoaPlayground/Info.plist;
				LD_RUNPATH_SEARCH_PATHS = "$(inherited) @executable_path/Frameworks";
				PRODUCT_BUNDLE_IDENTIFIER = me.muukii.ReactiveCocoaPlayground;
				PRODUCT_NAME = "$(TARGET_NAME)";
				SWIFT_VERSION = 4.0;
				TARGETED_DEVICE_FAMILY = "1,2";
			};
			name = Debug;
		};
		4B654DFC1FFB33F600D37D7F /* Release */ = {
			isa = XCBuildConfiguration;
			baseConfigurationReference = 9A9005FFB7951A8B5FB87A8C /* Pods-ReactiveCocoaPlayground.release.xcconfig */;
			buildSettings = {
				ASSETCATALOG_COMPILER_APPICON_NAME = AppIcon;
				CODE_SIGN_STYLE = Automatic;
				INFOPLIST_FILE = ReactiveCocoaPlayground/Info.plist;
				LD_RUNPATH_SEARCH_PATHS = "$(inherited) @executable_path/Frameworks";
				PRODUCT_BUNDLE_IDENTIFIER = me.muukii.ReactiveCocoaPlayground;
				PRODUCT_NAME = "$(TARGET_NAME)";
				SWIFT_VERSION = 4.0;
				TARGETED_DEVICE_FAMILY = "1,2";
			};
			name = Release;
		};
/* End XCBuildConfiguration section */

/* Begin XCConfigurationList section */
		4B654DE31FFB33F600D37D7F /* Build configuration list for PBXProject "ReactiveCocoaPlayground" */ = {
			isa = XCConfigurationList;
			buildConfigurations = (
				4B654DF81FFB33F600D37D7F /* Debug */,
				4B654DF91FFB33F600D37D7F /* Release */,
			);
			defaultConfigurationIsVisible = 0;
			defaultConfigurationName = Release;
		};
		4B654DFA1FFB33F600D37D7F /* Build configuration list for PBXNativeTarget "ReactiveCocoaPlayground" */ = {
			isa = XCConfigurationList;
			buildConfigurations = (
				4B654DFB1FFB33F600D37D7F /* Debug */,
				4B654DFC1FFB33F600D37D7F /* Release */,
			);
			defaultConfigurationIsVisible = 0;
			defaultConfigurationName = Release;
		};
/* End XCConfigurationList section */
	};
	rootObject = 4B654DE01FFB33F600D37D7F /* Project object */;
}
