PODS:
  - RxCocoa (3.3.0):
    - RxSwift (~> 3.3)
  - RxSwift (3.3.0)

DEPENDENCIES:
  - RxCocoa
  - RxSwift

SPEC CHECKSUMS:
  RxCocoa: 74acedc2d964823b807e5de2e215e2c2bd2e5a19
  RxSwift: 7d42e8bc91faa4c218292400646c482f3402774a

PODFILE CHECKSUM: 7fb21dc3a48fb73a3a19e568aa18066ef93b1d67

COCOAPODS: 1.2.0
