PODS:
  - RxCocoa (3.6.0):
    - RxSwift (~> 3.6)
  - RxSwift (3.6.0)

DEPENDENCIES:
  - RxCocoa
  - RxSwift

SPEC CHECKSUMS:
  RxCocoa: cb865569239ebf1b1434056e5c8859d99dff103a
  RxSwift: a0925c7fb11fbe60055285f6f2062241aa37a175

PODFILE CHECKSUM: 7fb21dc3a48fb73a3a19e568aa18066ef93b1d67

COCOAPODS: 1.2.1
